
Microsoft Visual Studio Solution File, Format Version 12.00
# Visual Studio Version 17
VisualStudioVersion = 17.11.35222.181
MinimumVisualStudioVersion = 10.0.40219.1
Project("{FAE04EC0-301F-11D3-BF4B-00C04F79EFBC}") = "AzureServiceBusPOC", "AzureServiceBusPOC\AzureServiceBusPOC.csproj", "{9EA94799-A110-428B-A875-800EE2EE142C}"
EndProject
Global
	GlobalSection(SolutionConfigurationPlatforms) = preSolution
		Debug|Any CPU = Debug|Any CPU
		Release|Any CPU = Release|Any CPU
	EndGlobalSection
	GlobalSection(ProjectConfigurationPlatforms) = postSolution
		{9EA94799-A110-428B-A875-800EE2EE142C}.Debug|Any CPU.ActiveCfg = Debug|Any CPU
		{9EA94799-A110-428B-A875-800EE2EE142C}.Debug|Any CPU.Build.0 = Debug|Any CPU
		{9EA94799-A110-428B-A875-800EE2EE142C}.Release|Any CPU.ActiveCfg = Release|Any CPU
		{9EA94799-A110-428B-A875-800EE2EE142C}.Release|Any CPU.Build.0 = Release|Any CPU
	EndGlobalSection
	GlobalSection(SolutionProperties) = preSolution
		HideSolutionNode = FALSE
	EndGlobalSection
	GlobalSection(ExtensibilityGlobals) = postSolution
		SolutionGuid = {B44F3248-6D12-473C-8EF1-B5FBF525743C}
	EndGlobalSection
EndGlobal
